
Microsoft Visual Studio Solution File, Format Version 12.00
# Visual Studio 15
Project("{FAE04EC0-301F-11D3-BF4B-00C04F79EFBC}") = "TabletopLab.Android", "TabletopLab.Android\TabletopLab.Android.csproj", "{F628E0DA-9D6D-4A5A-97E8-A7BE6D5CB900}"
EndProject
Project("{FAE04EC0-301F-11D3-BF4B-00C04F79EFBC}") = "TabletopLab.iOS", "TabletopLab.iOS\TabletopLab.iOS.csproj", "{AB94027E-23B7-4552-92B9-8CD18B85B9CD}"
EndProject
Project("{D954291E-2A0B-460D-934E-DC6B0785DB48}") = "TabletopLab", "TabletopLab\TabletopLab.shproj", "{45750DF1-D69B-4466-916D-CE53BC5A3445}"
EndProject
Global
	GlobalSection(SolutionConfigurationPlatforms) = preSolution
		Debug|Any CPU = Debug|Any CPU
		Release|Any CPU = Release|Any CPU
		Debug|iPhoneSimulator = Debug|iPhoneSimulator
		Release|iPhoneSimulator = Release|iPhoneSimulator
		Debug|iPhone = Debug|iPhone
		Release|iPhone = Release|iPhone
	EndGlobalSection
	GlobalSection(ProjectConfigurationPlatforms) = postSolution
		{F628E0DA-9D6D-4A5A-97E8-A7BE6D5CB900}.Debug|Any CPU.ActiveCfg = Debug|Any CPU
		{F628E0DA-9D6D-4A5A-97E8-A7BE6D5CB900}.Debug|Any CPU.Build.0 = Debug|Any CPU
		{F628E0DA-9D6D-4A5A-97E8-A7BE6D5CB900}.Release|Any CPU.ActiveCfg = Release|Any CPU
		{F628E0DA-9D6D-4A5A-97E8-A7BE6D5CB900}.Release|Any CPU.Build.0 = Release|Any CPU
		{F628E0DA-9D6D-4A5A-97E8-A7BE6D5CB900}.Debug|iPhoneSimulator.ActiveCfg = Debug|Any CPU
		{F628E0DA-9D6D-4A5A-97E8-A7BE6D5CB900}.Debug|iPhoneSimulator.Build.0 = Debug|Any CPU
		{F628E0DA-9D6D-4A5A-97E8-A7BE6D5CB900}.Release|iPhoneSimulator.ActiveCfg = Release|Any CPU
		{F628E0DA-9D6D-4A5A-97E8-A7BE6D5CB900}.Release|iPhoneSimulator.Build.0 = Release|Any CPU
		{F628E0DA-9D6D-4A5A-97E8-A7BE6D5CB900}.Debug|iPhone.ActiveCfg = Debug|Any CPU
		{F628E0DA-9D6D-4A5A-97E8-A7BE6D5CB900}.Debug|iPhone.Build.0 = Debug|Any CPU
		{F628E0DA-9D6D-4A5A-97E8-A7BE6D5CB900}.Release|iPhone.ActiveCfg = Release|Any CPU
		{F628E0DA-9D6D-4A5A-97E8-A7BE6D5CB900}.Release|iPhone.Build.0 = Release|Any CPU
		{AB94027E-23B7-4552-92B9-8CD18B85B9CD}.Debug|Any CPU.ActiveCfg = Debug|iPhoneSimulator
		{AB94027E-23B7-4552-92B9-8CD18B85B9CD}.Debug|Any CPU.Build.0 = Debug|iPhoneSimulator
		{AB94027E-23B7-4552-92B9-8CD18B85B9CD}.Release|Any CPU.ActiveCfg = Release|iPhoneSimulator
		{AB94027E-23B7-4552-92B9-8CD18B85B9CD}.Release|Any CPU.Build.0 = Release|iPhoneSimulator
		{AB94027E-23B7-4552-92B9-8CD18B85B9CD}.Debug|iPhoneSimulator.ActiveCfg = Debug|iPhoneSimulator
		{AB94027E-23B7-4552-92B9-8CD18B85B9CD}.Debug|iPhoneSimulator.Build.0 = Debug|iPhoneSimulator
		{AB94027E-23B7-4552-92B9-8CD18B85B9CD}.Release|iPhoneSimulator.ActiveCfg = Release|iPhoneSimulator
		{AB94027E-23B7-4552-92B9-8CD18B85B9CD}.Release|iPhoneSimulator.Build.0 = Release|iPhoneSimulator
		{AB94027E-23B7-4552-92B9-8CD18B85B9CD}.Debug|iPhone.ActiveCfg = Debug|iPhone
		{AB94027E-23B7-4552-92B9-8CD18B85B9CD}.Debug|iPhone.Build.0 = Debug|iPhone
		{AB94027E-23B7-4552-92B9-8CD18B85B9CD}.Release|iPhone.ActiveCfg = Release|iPhone
		{AB94027E-23B7-4552-92B9-8CD18B85B9CD}.Release|iPhone.Build.0 = Release|iPhone
	EndGlobalSection
EndGlobal
